
Microsoft Visual Studio Solution File, Format Version 12.00
# Visual Studio Version 17
VisualStudioVersion = 17.10.35013.160
MinimumVisualStudioVersion = 10.0.40219.1
Project("{FAE04EC0-301F-11D3-BF4B-00C04F79EFBC}") = "AdminNhapHang", "AdminNhapHang\AdminNhapHang.csproj", "{4A40FF17-F8B6-4272-B43B-01926FF92CDA}"
EndProject
Global
	GlobalSection(SolutionConfigurationPlatforms) = preSolution
		Debug|Any CPU = Debug|Any CPU
		Release|Any CPU = Release|Any CPU
	EndGlobalSection
	GlobalSection(ProjectConfigurationPlatforms) = postSolution
		{4A40FF17-F8B6-4272-B43B-01926FF92CDA}.Debug|Any CPU.ActiveCfg = Debug|Any CPU
		{4A40FF17-F8B6-4272-B43B-01926FF92CDA}.Debug|Any CPU.Build.0 = Debug|Any CPU
		{4A40FF17-F8B6-4272-B43B-01926FF92CDA}.Release|Any CPU.ActiveCfg = Release|Any CPU
		{4A40FF17-F8B6-4272-B43B-01926FF92CDA}.Release|Any CPU.Build.0 = Release|Any CPU
	EndGlobalSection
	GlobalSection(SolutionProperties) = preSolution
		HideSolutionNode = FALSE
	EndGlobalSection
	GlobalSection(ExtensibilityGlobals) = postSolution
		SolutionGuid = {B00CC44C-3A1E-4F93-8DFD-53743C3D0F2B}
	EndGlobalSection
EndGlobal
